// !$*UTF8*$!
{
	archiveVersion = 1;
	classes = {
	};
	objectVersion = 56;
	objects = {

/* Begin PBXBuildFile section */
		E373ACA62BE0EB8300EB417D /* HabitMakerApp.swift in Sources */ = {isa = PBXBuildFile; fileRef = E373ACA52BE0EB8300EB417D /* HabitMakerApp.swift */; };
		E373ACA82BE0EB8300EB417D /* ContentView.swift in Sources */ = {isa = PBXBuildFile; fileRef = E373ACA72BE0EB8300EB417D /* ContentView.swift */; };
		E373ACAA2BE0EB8600EB417D /* Assets.xcassets in Resources */ = {isa = PBXBuildFile; fileRef = E373ACA92BE0EB8600EB417D /* Assets.xcassets */; };
		E373ACAD2BE0EB8600EB417D /* Preview Assets.xcassets in Resources */ = {isa = PBXBuildFile; fileRef = E373ACAC2BE0EB8600EB417D /* Preview Assets.xcassets */; };
		E373ACAF2BE0EB8600EB417D /* Persistence.swift in Sources */ = {isa = PBXBuildFile; fileRef = E373ACAE2BE0EB8600EB417D /* Persistence.swift */; };
		E373ACB22BE0EB8600EB417D /* HabitMaker.xcdatamodeld in Sources */ = {isa = PBXBuildFile; fileRef = E373ACB02BE0EB8600EB417D /* HabitMaker.xcdatamodeld */; };
		E373ACBC2BE0EB8600EB417D /* HabitMakerTests.swift in Sources */ = {isa = PBXBuildFile; fileRef = E373ACBB2BE0EB8600EB417D /* HabitMakerTests.swift */; };
		E373ACC62BE0EB8600EB417D /* HabitMakerUITests.swift in Sources */ = {isa = PBXBuildFile; fileRef = E373ACC52BE0EB8600EB417D /* HabitMakerUITests.swift */; };
		E373ACC82BE0EB8600EB417D /* HabitMakerUITestsLaunchTests.swift in Sources */ = {isa = PBXBuildFile; fileRef = E373ACC72BE0EB8600EB417D /* HabitMakerUITestsLaunchTests.swift */; };
		E373ACD52BE37A8100EB417D /* Uppgift.swift in Sources */ = {isa = PBXBuildFile; fileRef = E373ACD42BE37A8100EB417D /* Uppgift.swift */; };
		E373ACD72BE517B100EB417D /* HabitListView.swift in Sources */ = {isa = PBXBuildFile; fileRef = E373ACD62BE517B100EB417D /* HabitListView.swift */; };
		E373ACD92BE90CD200EB417D /* AddHabitView.swift in Sources */ = {isa = PBXBuildFile; fileRef = E373ACD82BE90CD200EB417D /* AddHabitView.swift */; };
/* End PBXBuildFile section */

/* Begin PBXContainerItemProxy section */
		E373ACB82BE0EB8600EB417D /* PBXContainerItemProxy */ = {
			isa = PBXContainerItemProxy;
			containerPortal = E373AC9A2BE0EB8300EB417D /* Project object */;
			proxyType = 1;
			remoteGlobalIDString = E373ACA12BE0EB8300EB417D;
			remoteInfo = HabitMaker;
		};
		E373ACC22BE0EB8600EB417D /* PBXContainerItemProxy */ = {
			isa = PBXContainerItemProxy;
			containerPortal = E373AC9A2BE0EB8300EB417D /* Project object */;
			proxyType = 1;
			remoteGlobalIDString = E373ACA12BE0EB8300EB417D;
			remoteInfo = HabitMaker;
		};
/* End PBXContainerItemProxy section */

/* Begin PBXFileReference section */
		E373ACA22BE0EB8300EB417D /* HabitMaker.app */ = {isa = PBXFileReference; explicitFileType = wrapper.application; includeInIndex = 0; path = HabitMaker.app; sourceTree = BUILT_PRODUCTS_DIR; };
		E373ACA52BE0EB8300EB417D /* HabitMakerApp.swift */ = {isa = PBXFileReference; lastKnownFileType = sourcecode.swift; path = HabitMakerApp.swift; sourceTree = "<group>"; };
		E373ACA72BE0EB8300EB417D /* ContentView.swift */ = {isa = PBXFileReference; lastKnownFileType = sourcecode.swift; path = ContentView.swift; sourceTree = "<group>"; };
		E373ACA92BE0EB8600EB417D /* Assets.xcassets */ = {isa = PBXFileReference; lastKnownFileType = folder.assetcatalog; path = Assets.xcassets; sourceTree = "<group>"; };
		E373ACAC2BE0EB8600EB417D /* Preview Assets.xcassets */ = {isa = PBXFileReference; lastKnownFileType = folder.assetcatalog; path = "Preview Assets.xcassets"; sourceTree = "<group>"; };
		E373ACAE2BE0EB8600EB417D /* Persistence.swift */ = {isa = PBXFileReference; lastKnownFileType = sourcecode.swift; path = Persistence.swift; sourceTree = "<group>"; };
		E373ACB12BE0EB8600EB417D /* HabitMaker.xcdatamodel */ = {isa = PBXFileReference; lastKnownFileType = wrapper.xcdatamodel; path = HabitMaker.xcdatamodel; sourceTree = "<group>"; };
		E373ACB72BE0EB8600EB417D /* HabitMakerTests.xctest */ = {isa = PBXFileReference; explicitFileType = wrapper.cfbundle; includeInIndex = 0; path = HabitMakerTests.xctest; sourceTree = BUILT_PRODUCTS_DIR; };
		E373ACBB2BE0EB8600EB417D /* HabitMakerTests.swift */ = {isa = PBXFileReference; lastKnownFileType = sourcecode.swift; path = HabitMakerTests.swift; sourceTree = "<group>"; };
		E373ACC12BE0EB8600EB417D /* HabitMakerUITests.xctest */ = {isa = PBXFileReference; explicitFileType = wrapper.cfbundle; includeInIndex = 0; path = HabitMakerUITests.xctest; sourceTree = BUILT_PRODUCTS_DIR; };
		E373ACC52BE0EB8600EB417D /* HabitMakerUITests.swift */ = {isa = PBXFileReference; lastKnownFileType = sourcecode.swift; path = HabitMakerUITests.swift; sourceTree = "<group>"; };
		E373ACC72BE0EB8600EB417D /* HabitMakerUITestsLaunchTests.swift */ = {isa = PBXFileReference; lastKnownFileType = sourcecode.swift; path = HabitMakerUITestsLaunchTests.swift; sourceTree = "<group>"; };
		E373ACD42BE37A8100EB417D /* Uppgift.swift */ = {isa = PBXFileReference; lastKnownFileType = sourcecode.swift; path = Uppgift.swift; sourceTree = "<group>"; };
		E373ACD62BE517B100EB417D /* HabitListView.swift */ = {isa = PBXFileReference; lastKnownFileType = sourcecode.swift; path = HabitListView.swift; sourceTree = "<group>"; };
		E373ACD82BE90CD200EB417D /* AddHabitView.swift */ = {isa = PBXFileReference; lastKnownFileType = sourcecode.swift; path = AddHabitView.swift; sourceTree = "<group>"; };
/* End PBXFileReference section */

/* Begin PBXFrameworksBuildPhase section */
		E373AC9F2BE0EB8300EB417D /* Frameworks */ = {
			isa = PBXFrameworksBuildPhase;
			buildActionMask = 2147483647;
			files = (
			);
			runOnlyForDeploymentPostprocessing = 0;
		};
		E373ACB42BE0EB8600EB417D /* Frameworks */ = {
			isa = PBXFrameworksBuildPhase;
			buildActionMask = 2147483647;
			files = (
			);
			runOnlyForDeploymentPostprocessing = 0;
		};
		E373ACBE2BE0EB8600EB417D /* Frameworks */ = {
			isa = PBXFrameworksBuildPhase;
			buildActionMask = 2147483647;
			files = (
			);
			runOnlyForDeploymentPostprocessing = 0;
		};
/* End PBXFrameworksBuildPhase section */

/* Begin PBXGroup section */
		E373AC992BE0EB8300EB417D = {
			isa = PBXGroup;
			children = (
				E373ACA42BE0EB8300EB417D /* HabitMaker */,
				E373ACBA2BE0EB8600EB417D /* HabitMakerTests */,
				E373ACC42BE0EB8600EB417D /* HabitMakerUITests */,
				E373ACA32BE0EB8300EB417D /* Products */,
			);
			sourceTree = "<group>";
		};
		E373ACA32BE0EB8300EB417D /* Products */ = {
			isa = PBXGroup;
			children = (
				E373ACA22BE0EB8300EB417D /* HabitMaker.app */,
				E373ACB72BE0EB8600EB417D /* HabitMakerTests.xctest */,
				E373ACC12BE0EB8600EB417D /* HabitMakerUITests.xctest */,
			);
			name = Products;
			sourceTree = "<group>";
		};
		E373ACA42BE0EB8300EB417D /* HabitMaker */ = {
			isa = PBXGroup;
			children = (
				E373ACA52BE0EB8300EB417D /* HabitMakerApp.swift */,
				E373ACA72BE0EB8300EB417D /* ContentView.swift */,
				E373ACD62BE517B100EB417D /* HabitListView.swift */,
				E373ACD82BE90CD200EB417D /* AddHabitView.swift */,
				E373ACA92BE0EB8600EB417D /* Assets.xcassets */,
				E373ACAE2BE0EB8600EB417D /* Persistence.swift */,
				E373ACB02BE0EB8600EB417D /* HabitMaker.xcdatamodeld */,
				E373ACAB2BE0EB8600EB417D /* Preview Content */,
				E373ACD42BE37A8100EB417D /* Uppgift.swift */,
			);
			path = HabitMaker;
			sourceTree = "<group>";
		};
		E373ACAB2BE0EB8600EB417D /* Preview Content */ = {
			isa = PBXGroup;
			children = (
				E373ACAC2BE0EB8600EB417D /* Preview Assets.xcassets */,
			);
			path = "Preview Content";
			sourceTree = "<group>";
		};
		E373ACBA2BE0EB8600EB417D /* HabitMakerTests */ = {
			isa = PBXGroup;
			children = (
				E373ACBB2BE0EB8600EB417D /* HabitMakerTests.swift */,
			);
			path = HabitMakerTests;
			sourceTree = "<group>";
		};
		E373ACC42BE0EB8600EB417D /* HabitMakerUITests */ = {
			isa = PBXGroup;
			children = (
				E373ACC52BE0EB8600EB417D /* HabitMakerUITests.swift */,
				E373ACC72BE0EB8600EB417D /* HabitMakerUITestsLaunchTests.swift */,
			);
			path = HabitMakerUITests;
			sourceTree = "<group>";
		};
/* End PBXGroup section */

/* Begin PBXNativeTarget section */
		E373ACA12BE0EB8300EB417D /* HabitMaker */ = {
			isa = PBXNativeTarget;
			buildConfigurationList = E373ACCB2BE0EB8600EB417D /* Build configuration list for PBXNativeTarget "HabitMaker" */;
			buildPhases = (
				E373AC9E2BE0EB8300EB417D /* Sources */,
				E373AC9F2BE0EB8300EB417D /* Frameworks */,
				E373ACA02BE0EB8300EB417D /* Resources */,
			);
			buildRules = (
			);
			dependencies = (
			);
			name = HabitMaker;
			productName = HabitMaker;
			productReference = E373ACA22BE0EB8300EB417D /* HabitMaker.app */;
			productType = "com.apple.product-type.application";
		};
		E373ACB62BE0EB8600EB417D /* HabitMakerTests */ = {
			isa = PBXNativeTarget;
			buildConfigurationList = E373ACCE2BE0EB8600EB417D /* Build configuration list for PBXNativeTarget "HabitMakerTests" */;
			buildPhases = (
				E373ACB32BE0EB8600EB417D /* Sources */,
				E373ACB42BE0EB8600EB417D /* Frameworks */,
				E373ACB52BE0EB8600EB417D /* Resources */,
			);
			buildRules = (
			);
			dependencies = (
				E373ACB92BE0EB8600EB417D /* PBXTargetDependency */,
			);
			name = HabitMakerTests;
			productName = HabitMakerTests;
			productReference = E373ACB72BE0EB8600EB417D /* HabitMakerTests.xctest */;
			productType = "com.apple.product-type.bundle.unit-test";
		};
		E373ACC02BE0EB8600EB417D /* HabitMakerUITests */ = {
			isa = PBXNativeTarget;
			buildConfigurationList = E373ACD12BE0EB8600EB417D /* Build configuration list for PBXNativeTarget "HabitMakerUITests" */;
			buildPhases = (
				E373ACBD2BE0EB8600EB417D /* Sources */,
				E373ACBE2BE0EB8600EB417D /* Frameworks */,
				E373ACBF2BE0EB8600EB417D /* Resources */,
			);
			buildRules = (
			);
			dependencies = (
				E373ACC32BE0EB8600EB417D /* PBXTargetDependency */,
			);
			name = HabitMakerUITests;
			productName = HabitMakerUITests;
			productReference = E373ACC12BE0EB8600EB417D /* HabitMakerUITests.xctest */;
			productType = "com.apple.product-type.bundle.ui-testing";
		};
/* End PBXNativeTarget section */

/* Begin PBXProject section */
		E373AC9A2BE0EB8300EB417D /* Project object */ = {
			isa = PBXProject;
			attributes = {
				BuildIndependentTargetsInParallel = 1;
				LastSwiftUpdateCheck = 1420;
				LastUpgradeCheck = 1420;
				TargetAttributes = {
					E373ACA12BE0EB8300EB417D = {
						CreatedOnToolsVersion = 14.2;
					};
					E373ACB62BE0EB8600EB417D = {
						CreatedOnToolsVersion = 14.2;
						TestTargetID = E373ACA12BE0EB8300EB417D;
					};
					E373ACC02BE0EB8600EB417D = {
						CreatedOnToolsVersion = 14.2;
						TestTargetID = E373ACA12BE0EB8300EB417D;
					};
				};
			};
			buildConfigurationList = E373AC9D2BE0EB8300EB417D /* Build configuration list for PBXProject "HabitMaker" */;
			compatibilityVersion = "Xcode 14.0";
			developmentRegion = en;
			hasScannedForEncodings = 0;
			knownRegions = (
				en,
				Base,
			);
			mainGroup = E373AC992BE0EB8300EB417D;
			productRefGroup = E373ACA32BE0EB8300EB417D /* Products */;
			projectDirPath = "";
			projectRoot = "";
			targets = (
				E373ACA12BE0EB8300EB417D /* HabitMaker */,
				E373ACB62BE0EB8600EB417D /* HabitMakerTests */,
				E373ACC02BE0EB8600EB417D /* HabitMakerUITests */,
			);
		};
/* End PBXProject section */

/* Begin PBXResourcesBuildPhase section */
		E373ACA02BE0EB8300EB417D /* Resources */ = {
			isa = PBXResourcesBuildPhase;
			buildActionMask = 2147483647;
			files = (
				E373ACAD2BE0EB8600EB417D /* Preview Assets.xcassets in Resources */,
				E373ACAA2BE0EB8600EB417D /* Assets.xcassets in Resources */,
			);
			runOnlyForDeploymentPostprocessing = 0;
		};
		E373ACB52BE0EB8600EB417D /* Resources */ = {
			isa = PBXResourcesBuildPhase;
			buildActionMask = 2147483647;
			files = (
			);
			runOnlyForDeploymentPostprocessing = 0;
		};
		E373ACBF2BE0EB8600EB417D /* Resources */ = {
			isa = PBXResourcesBuildPhase;
			buildActionMask = 2147483647;
			files = (
			);
			runOnlyForDeploymentPostprocessing = 0;
		};
/* End PBXResourcesBuildPhase section */

/* Begin PBXSourcesBuildPhase section */
		E373AC9E2BE0EB8300EB417D /* Sources */ = {
			isa = PBXSourcesBuildPhase;
			buildActionMask = 2147483647;
			files = (
				E373ACD52BE37A8100EB417D /* Uppgift.swift in Sources */,
				E373ACAF2BE0EB8600EB417D /* Persistence.swift in Sources */,
				E373ACD92BE90CD200EB417D /* AddHabitView.swift in Sources */,
				E373ACA82BE0EB8300EB417D /* ContentView.swift in Sources */,
				E373ACD72BE517B100EB417D /* HabitListView.swift in Sources */,
				E373ACA62BE0EB8300EB417D /* HabitMakerApp.swift in Sources */,
				E373ACB22BE0EB8600EB417D /* HabitMaker.xcdatamodeld in Sources */,
			);
			runOnlyForDeploymentPostprocessing = 0;
		};
		E373ACB32BE0EB8600EB417D /* Sources */ = {
			isa = PBXSourcesBuildPhase;
			buildActionMask = 2147483647;
			files = (
				E373ACBC2BE0EB8600EB417D /* HabitMakerTests.swift in Sources */,
			);
			runOnlyForDeploymentPostprocessing = 0;
		};
		E373ACBD2BE0EB8600EB417D /* Sources */ = {
			isa = PBXSourcesBuildPhase;
			buildActionMask = 2147483647;
			files = (
				E373ACC82BE0EB8600EB417D /* HabitMakerUITestsLaunchTests.swift in Sources */,
				E373ACC62BE0EB8600EB417D /* HabitMakerUITests.swift in Sources */,
			);
			runOnlyForDeploymentPostprocessing = 0;
		};
/* End PBXSourcesBuildPhase section */

/* Begin PBXTargetDependency section */
		E373ACB92BE0EB8600EB417D /* PBXTargetDependency */ = {
			isa = PBXTargetDependency;
			target = E373ACA12BE0EB8300EB417D /* HabitMaker */;
			targetProxy = E373ACB82BE0EB8600EB417D /* PBXContainerItemProxy */;
		};
		E373ACC32BE0EB8600EB417D /* PBXTargetDependency */ = {
			isa = PBXTargetDependency;
			target = E373ACA12BE0EB8300EB417D /* HabitMaker */;
			targetProxy = E373ACC22BE0EB8600EB417D /* PBXContainerItemProxy */;
		};
/* End PBXTargetDependency section */

/* Begin XCBuildConfiguration section */
		E373ACC92BE0EB8600EB417D /* Debug */ = {
			isa = XCBuildConfiguration;
			buildSettings = {
				ALWAYS_SEARCH_USER_PATHS = NO;
				CLANG_ANALYZER_NONNULL = YES;
				CLANG_ANALYZER_NUMBER_OBJECT_CONVERSION = YES_AGGRESSIVE;
				CLANG_CXX_LANGUAGE_STANDARD = "gnu++20";
				CLANG_ENABLE_MODULES = YES;
				CLANG_ENABLE_OBJC_ARC = YES;
				CLANG_ENABLE_OBJC_WEAK = YES;
				CLANG_WARN_BLOCK_CAPTURE_AUTORELEASING = YES;
				CLANG_WARN_BOOL_CONVERSION = YES;
				CLANG_WARN_COMMA = YES;
				CLANG_WARN_CONSTANT_CONVERSION = YES;
				CLANG_WARN_DEPRECATED_OBJC_IMPLEMENTATIONS = YES;
				CLANG_WARN_DIRECT_OBJC_ISA_USAGE = YES_ERROR;
				CLANG_WARN_DOCUMENTATION_COMMENTS = YES;
				CLANG_WARN_EMPTY_BODY = YES;
				CLANG_WARN_ENUM_CONVERSION = YES;
				CLANG_WARN_INFINITE_RECURSION = YES;
				CLANG_WARN_INT_CONVERSION = YES;
				CLANG_WARN_NON_LITERAL_NULL_CONVERSION = YES;
				CLANG_WARN_OBJC_IMPLICIT_RETAIN_SELF = YES;
				CLANG_WARN_OBJC_LITERAL_CONVERSION = YES;
				CLANG_WARN_OBJC_ROOT_CLASS = YES_ERROR;
				CLANG_WARN_QUOTED_INCLUDE_IN_FRAMEWORK_HEADER = YES;
				CLANG_WARN_RANGE_LOOP_ANALYSIS = YES;
				CLANG_WARN_STRICT_PROTOTYPES = YES;
				CLANG_WARN_SUSPICIOUS_MOVE = YES;
				CLANG_WARN_UNGUARDED_AVAILABILITY = YES_AGGRESSIVE;
				CLANG_WARN_UNREACHABLE_CODE = YES;
				CLANG_WARN__DUPLICATE_METHOD_MATCH = YES;
				COPY_PHASE_STRIP = NO;
				DEBUG_INFORMATION_FORMAT = dwarf;
				ENABLE_STRICT_OBJC_MSGSEND = YES;
				ENABLE_TESTABILITY = YES;
				GCC_C_LANGUAGE_STANDARD = gnu11;
				GCC_DYNAMIC_NO_PIC = NO;
				GCC_NO_COMMON_BLOCKS = YES;
				GCC_OPTIMIZATION_LEVEL = 0;
				GCC_PREPROCESSOR_DEFINITIONS = (
					"DEBUG=1",
					"$(inherited)",
				);
				GCC_WARN_64_TO_32_BIT_CONVERSION = YES;
				GCC_WARN_ABOUT_RETURN_TYPE = YES_ERROR;
				GCC_WARN_UNDECLARED_SELECTOR = YES;
				GCC_WARN_UNINITIALIZED_AUTOS = YES_AGGRESSIVE;
				GCC_WARN_UNUSED_FUNCTION = YES;
				GCC_WARN_UNUSED_VARIABLE = YES;
				IPHONEOS_DEPLOYMENT_TARGET = 16.2;
				MTL_ENABLE_DEBUG_INFO = INCLUDE_SOURCE;
				MTL_FAST_MATH = YES;
				ONLY_ACTIVE_ARCH = YES;
				SDKROOT = iphoneos;
				SWIFT_ACTIVE_COMPILATION_CONDITIONS = DEBUG;
				SWIFT_OPTIMIZATION_LEVEL = "-Onone";
			};
			name = Debug;
		};
		E373ACCA2BE0EB8600EB417D /* Release */ = {
			isa = XCBuildConfiguration;
			buildSettings = {
				ALWAYS_SEARCH_USER_PATHS = NO;
				CLANG_ANALYZER_NONNULL = YES;
				CLANG_ANALYZER_NUMBER_OBJECT_CONVERSION = YES_AGGRESSIVE;
				CLANG_CXX_LANGUAGE_STANDARD = "gnu++20";
				CLANG_ENABLE_MODULES = YES;
				CLANG_ENABLE_OBJC_ARC = YES;
				CLANG_ENABLE_OBJC_WEAK = YES;
				CLANG_WARN_BLOCK_CAPTURE_AUTORELEASING = YES;
				CLANG_WARN_BOOL_CONVERSION = YES;
				CLANG_WARN_COMMA = YES;
				CLANG_WARN_CONSTANT_CONVERSION = YES;
				CLANG_WARN_DEPRECATED_OBJC_IMPLEMENTATIONS = YES;
				CLANG_WARN_DIRECT_OBJC_ISA_USAGE = YES_ERROR;
				CLANG_WARN_DOCUMENTATION_COMMENTS = YES;
				CLANG_WARN_EMPTY_BODY = YES;
				CLANG_WARN_ENUM_CONVERSION = YES;
				CLANG_WARN_INFINITE_RECURSION = YES;
				CLANG_WARN_INT_CONVERSION = YES;
				CLANG_WARN_NON_LITERAL_NULL_CONVERSION = YES;
				CLANG_WARN_OBJC_IMPLICIT_RETAIN_SELF = YES;
				CLANG_WARN_OBJC_LITERAL_CONVERSION = YES;
				CLANG_WARN_OBJC_ROOT_CLASS = YES_ERROR;
				CLANG_WARN_QUOTED_INCLUDE_IN_FRAMEWORK_HEADER = YES;
				CLANG_WARN_RANGE_LOOP_ANALYSIS = YES;
				CLANG_WARN_STRICT_PROTOTYPES = YES;
				CLANG_WARN_SUSPICIOUS_MOVE = YES;
				CLANG_WARN_UNGUARDED_AVAILABILITY = YES_AGGRESSIVE;
				CLANG_WARN_UNREACHABLE_CODE = YES;
				CLANG_WARN__DUPLICATE_METHOD_MATCH = YES;
				COPY_PHASE_STRIP = NO;
				DEBUG_INFORMATION_FORMAT = "dwarf-with-dsym";
				ENABLE_NS_ASSERTIONS = NO;
				ENABLE_STRICT_OBJC_MSGSEND = YES;
				GCC_C_LANGUAGE_STANDARD = gnu11;
				GCC_NO_COMMON_BLOCKS = YES;
				GCC_WARN_64_TO_32_BIT_CONVERSION = YES;
				GCC_WARN_ABOUT_RETURN_TYPE = YES_ERROR;
				GCC_WARN_UNDECLARED_SELECTOR = YES;
				GCC_WARN_UNINITIALIZED_AUTOS = YES_AGGRESSIVE;
				GCC_WARN_UNUSED_FUNCTION = YES;
				GCC_WARN_UNUSED_VARIABLE = YES;
				IPHONEOS_DEPLOYMENT_TARGET = 16.2;
				MTL_ENABLE_DEBUG_INFO = NO;
				MTL_FAST_MATH = YES;
				SDKROOT = iphoneos;
				SWIFT_COMPILATION_MODE = wholemodule;
				SWIFT_OPTIMIZATION_LEVEL = "-O";
				VALIDATE_PRODUCT = YES;
			};
			name = Release;
		};
		E373ACCC2BE0EB8600EB417D /* Debug */ = {
			isa = XCBuildConfiguration;
			buildSettings = {
				ASSETCATALOG_COMPILER_APPICON_NAME = AppIcon;
				ASSETCATALOG_COMPILER_GLOBAL_ACCENT_COLOR_NAME = AccentColor;
				CODE_SIGN_STYLE = Automatic;
				CURRENT_PROJECT_VERSION = 1;
				DEVELOPMENT_ASSET_PATHS = "\"HabitMaker/Preview Content\"";
				DEVELOPMENT_TEAM = 83U7D225Z5;
				ENABLE_PREVIEWS = YES;
				GENERATE_INFOPLIST_FILE = YES;
				INFOPLIST_KEY_UIApplicationSceneManifest_Generation = YES;
				INFOPLIST_KEY_UIApplicationSupportsIndirectInputEvents = YES;
				INFOPLIST_KEY_UILaunchScreen_Generation = YES;
				INFOPLIST_KEY_UISupportedInterfaceOrientations_iPad = "UIInterfaceOrientationPortrait UIInterfaceOrientationPortraitUpsideDown UIInterfaceOrientationLandscapeLeft UIInterfaceOrientationLandscapeRight";
				INFOPLIST_KEY_UISupportedInterfaceOrientations_iPhone = "UIInterfaceOrientationPortrait UIInterfaceOrientationLandscapeLeft UIInterfaceOrientationLandscapeRight";
				LD_RUNPATH_SEARCH_PATHS = (
					"$(inherited)",
					"@executable_path/Frameworks",
				);
				MARKETING_VERSION = 1.0;
				PRODUCT_BUNDLE_IDENTIFIER = com.karlnyhlin.HabitMaker;
				PRODUCT_NAME = "$(TARGET_NAME)";
				SWIFT_EMIT_LOC_STRINGS = YES;
				SWIFT_VERSION = 5.0;
				TARGETED_DEVICE_FAMILY = "1,2";
			};
			name = Debug;
		};
		E373ACCD2BE0EB8600EB417D /* Release */ = {
			isa = XCBuildConfiguration;
			buildSettings = {
				ASSETCATALOG_COMPILER_APPICON_NAME = AppIcon;
				ASSETCATALOG_COMPILER_GLOBAL_ACCENT_COLOR_NAME = AccentColor;
				CODE_SIGN_STYLE = Automatic;
				CURRENT_PROJECT_VERSION = 1;
				DEVELOPMENT_ASSET_PATHS = "\"HabitMaker/Preview Content\"";
				DEVELOPMENT_TEAM = 83U7D225Z5;
				ENABLE_PREVIEWS = YES;
				GENERATE_INFOPLIST_FILE = YES;
				INFOPLIST_KEY_UIApplicationSceneManifest_Generation = YES;
				INFOPLIST_KEY_UIApplicationSupportsIndirectInputEvents = YES;
				INFOPLIST_KEY_UILaunchScreen_Generation = YES;
				INFOPLIST_KEY_UISupportedInterfaceOrientations_iPad = "UIInterfaceOrientationPortrait UIInterfaceOrientationPortraitUpsideDown UIInterfaceOrientationLandscapeLeft UIInterfaceOrientationLandscapeRight";
				INFOPLIST_KEY_UISupportedInterfaceOrientations_iPhone = "UIInterfaceOrientationPortrait UIInterfaceOrientationLandscapeLeft UIInterfaceOrientationLandscapeRight";
				LD_RUNPATH_SEARCH_PATHS = (
					"$(inherited)",
					"@executable_path/Frameworks",
				);
				MARKETING_VERSION = 1.0;
				PRODUCT_BUNDLE_IDENTIFIER = com.karlnyhlin.HabitMaker;
				PRODUCT_NAME = "$(TARGET_NAME)";
				SWIFT_EMIT_LOC_STRINGS = YES;
				SWIFT_VERSION = 5.0;
				TARGETED_DEVICE_FAMILY = "1,2";
			};
			name = Release;
		};
		E373ACCF2BE0EB8600EB417D /* Debug */ = {
			isa = XCBuildConfiguration;
			buildSettings = {
				ALWAYS_EMBED_SWIFT_STANDARD_LIBRARIES = YES;
				BUNDLE_LOADER = "$(TEST_HOST)";
				CODE_SIGN_STYLE = Automatic;
				CURRENT_PROJECT_VERSION = 1;
				DEVELOPMENT_TEAM = 83U7D225Z5;
				GENERATE_INFOPLIST_FILE = YES;
				IPHONEOS_DEPLOYMENT_TARGET = 16.2;
				MARKETING_VERSION = 1.0;
				PRODUCT_BUNDLE_IDENTIFIER = com.karlnyhlin.HabitMakerTests;
				PRODUCT_NAME = "$(TARGET_NAME)";
				SWIFT_EMIT_LOC_STRINGS = NO;
				SWIFT_VERSION = 5.0;
				TARGETED_DEVICE_FAMILY = "1,2";
				TEST_HOST = "$(BUILT_PRODUCTS_DIR)/HabitMaker.app/$(BUNDLE_EXECUTABLE_FOLDER_PATH)/HabitMaker";
			};
			name = Debug;
		};
		E373ACD02BE0EB8600EB417D /* Release */ = {
			isa = XCBuildConfiguration;
			buildSettings = {
				ALWAYS_EMBED_SWIFT_STANDARD_LIBRARIES = YES;
				BUNDLE_LOADER = "$(TEST_HOST)";
				CODE_SIGN_STYLE = Automatic;
				CURRENT_PROJECT_VERSION = 1;
				DEVELOPMENT_TEAM = 83U7D225Z5;
				GENERATE_INFOPLIST_FILE = YES;
				IPHONEOS_DEPLOYMENT_TARGET = 16.2;
				MARKETING_VERSION = 1.0;
				PRODUCT_BUNDLE_IDENTIFIER = com.karlnyhlin.HabitMakerTests;
				PRODUCT_NAME = "$(TARGET_NAME)";
				SWIFT_EMIT_LOC_STRINGS = NO;
				SWIFT_VERSION = 5.0;
				TARGETED_DEVICE_FAMILY = "1,2";
				TEST_HOST = "$(BUILT_PRODUCTS_DIR)/HabitMaker.app/$(BUNDLE_EXECUTABLE_FOLDER_PATH)/HabitMaker";
			};
			name = Release;
		};
		E373ACD22BE0EB8600EB417D /* Debug */ = {
			isa = XCBuildConfiguration;
			buildSettings = {
				ALWAYS_EMBED_SWIFT_STANDARD_LIBRARIES = YES;
				CODE_SIGN_STYLE = Automatic;
				CURRENT_PROJECT_VERSION = 1;
				DEVELOPMENT_TEAM = 83U7D225Z5;
				GENERATE_INFOPLIST_FILE = YES;
				MARKETING_VERSION = 1.0;
				PRODUCT_BUNDLE_IDENTIFIER = com.karlnyhlin.HabitMakerUITests;
				PRODUCT_NAME = "$(TARGET_NAME)";
				SWIFT_EMIT_LOC_STRINGS = NO;
				SWIFT_VERSION = 5.0;
				TARGETED_DEVICE_FAMILY = "1,2";
				TEST_TARGET_NAME = HabitMaker;
			};
			name = Debug;
		};
		E373ACD32BE0EB8600EB417D /* Release */ = {
			isa = XCBuildConfiguration;
			buildSettings = {
				ALWAYS_EMBED_SWIFT_STANDARD_LIBRARIES = YES;
				CODE_SIGN_STYLE = Automatic;
				CURRENT_PROJECT_VERSION = 1;
				DEVELOPMENT_TEAM = 83U7D225Z5;
				GENERATE_INFOPLIST_FILE = YES;
				MARKETING_VERSION = 1.0;
				PRODUCT_BUNDLE_IDENTIFIER = com.karlnyhlin.HabitMakerUITests;
				PRODUCT_NAME = "$(TARGET_NAME)";
				SWIFT_EMIT_LOC_STRINGS = NO;
				SWIFT_VERSION = 5.0;
				TARGETED_DEVICE_FAMILY = "1,2";
				TEST_TARGET_NAME = HabitMaker;
			};
			name = Release;
		};
/* End XCBuildConfiguration section */

/* Begin XCConfigurationList section */
		E373AC9D2BE0EB8300EB417D /* Build configuration list for PBXProject "HabitMaker" */ = {
			isa = XCConfigurationList;
			buildConfigurations = (
				E373ACC92BE0EB8600EB417D /* Debug */,
				E373ACCA2BE0EB8600EB417D /* Release */,
			);
			defaultConfigurationIsVisible = 0;
			defaultConfigurationName = Release;
		};
		E373ACCB2BE0EB8600EB417D /* Build configuration list for PBXNativeTarget "HabitMaker" */ = {
			isa = XCConfigurationList;
			buildConfigurations = (
				E373ACCC2BE0EB8600EB417D /* Debug */,
				E373ACCD2BE0EB8600EB417D /* Release */,
			);
			defaultConfigurationIsVisible = 0;
			defaultConfigurationName = Release;
		};
		E373ACCE2BE0EB8600EB417D /* Build configuration list for PBXNativeTarget "HabitMakerTests" */ = {
			isa = XCConfigurationList;
			buildConfigurations = (
				E373ACCF2BE0EB8600EB417D /* Debug */,
				E373ACD02BE0EB8600EB417D /* Release */,
			);
			defaultConfigurationIsVisible = 0;
			defaultConfigurationName = Release;
		};
		E373ACD12BE0EB8600EB417D /* Build configuration list for PBXNativeTarget "HabitMakerUITests" */ = {
			isa = XCConfigurationList;
			buildConfigurations = (
				E373ACD22BE0EB8600EB417D /* Debug */,
				E373ACD32BE0EB8600EB417D /* Release */,
			);
			defaultConfigurationIsVisible = 0;
			defaultConfigurationName = Release;
		};
/* End XCConfigurationList section */

/* Begin XCVersionGroup section */
		E373ACB02BE0EB8600EB417D /* HabitMaker.xcdatamodeld */ = {
			isa = XCVersionGroup;
			children = (
				E373ACB12BE0EB8600EB417D /* HabitMaker.xcdatamodel */,
			);
			currentVersion = E373ACB12BE0EB8600EB417D /* HabitMaker.xcdatamodel */;
			path = HabitMaker.xcdatamodeld;
			sourceTree = "<group>";
			versionGroupType = wrapper.xcdatamodel;
		};
/* End XCVersionGroup section */
	};
	rootObject = E373AC9A2BE0EB8300EB417D /* Project object */;
}
